# @generated - this file is auto-generated by `mise lock` https://mise.jdx.dev/dev-tools/mise-lock.html

lockfile_version = 3

[[tools."aqua:pulumi/pulumi"]]
version = "3.268.0"
backend = "aqua:pulumi/pulumi"
specifiers = ["3.268.0"]

[tools."aqua:pulumi/pulumi"."platforms.linux-arm64"]
checksum = "sha256:47c1b9283b7997337b0a373d240f771a6aeb42ee5dd2e213c14604247c7ff15a"
url = "https://github.com/pulumi/pulumi/releases/download/v3.268.0/pulumi-v3.268.0-linux-arm64.tar.gz"
url_api = "https://api.github.com/repos/pulumi/pulumi/releases/assets/618267895"
provenance = "cosign"

[tools."aqua:pulumi/pulumi"."platforms.linux-arm64-musl"]
checksum = "sha256:47c1b9283b7997337b0a373d240f771a6aeb42ee5dd2e213c14604247c7ff15a"
url = "https://github.com/pulumi/pulumi/releases/download/v3.268.0/pulumi-v3.268.0-linux-arm64.tar.gz"
url_api = "https://api.github.com/repos/pulumi/pulumi/releases/assets/618267895"
provenance = "cosign"

[tools."aqua:pulumi/pulumi"."platforms.linux-x64"]
checksum = "sha256:903cafeaa9f6327e4bf53a8b7b99ae660f26198acfa804a2f982bf5de3f1de0b"
url = "https://github.com/pulumi/pulumi/releases/download/v3.268.0/pulumi-v3.268.0-linux-x64.tar.gz"
url_api = "https://api.github.com/repos/pulumi/pulumi/releases/assets/618268008"
provenance = "cosign"

[tools."aqua:pulumi/pulumi"."platforms.linux-x64-musl"]
checksum = "sha256:903cafeaa9f6327e4bf53a8b7b99ae660f26198acfa804a2f982bf5de3f1de0b"
url = "https://github.com/pulumi/pulumi/releases/download/v3.268.0/pulumi-v3.268.0-linux-x64.tar.gz"
url_api = "https://api.github.com/repos/pulumi/pulumi/releases/assets/618268008"
provenance = "cosign"

[tools."aqua:pulumi/pulumi"."platforms.macos-arm64"]
checksum = "sha256:ef509a84f0ad8f4ed0ec04be957e6688f094eb9a1cdc676a4864103d66d8a4e9"
url = "https://github.com/pulumi/pulumi/releases/download/v3.268.0/pulumi-v3.268.0-darwin-arm64.tar.gz"
url_api = "https://api.github.com/repos/pulumi/pulumi/releases/assets/618267608"
provenance = "cosign"

[tools."aqua:pulumi/pulumi"."platforms.macos-x64"]
checksum = "sha256:b0c4e37e9fd9573d3e09b65606124486ef2c2049db1237ca6037c4204c6a99a8"
url = "https://github.com/pulumi/pulumi/releases/download/v3.268.0/pulumi-v3.268.0-darwin-x64.tar.gz"
url_api = "https://api.github.com/repos/pulumi/pulumi/releases/assets/618267749"
provenance = "cosign"

[tools."aqua:pulumi/pulumi"."platforms.windows-x64"]
checksum = "sha256:c7c3baabb2cf80d1edfdf9255c6aede9c0adfccedf1d98d2e8ec149211fc223e"
url = "https://github.com/pulumi/pulumi/releases/download/v3.268.0/pulumi-v3.268.0-windows-x64.zip"
url_api = "https://api.github.com/repos/pulumi/pulumi/releases/assets/618268278"
provenance = "cosign"

[[tools.pulumi]]
version = "3.260.0"
backend = "aqua:pulumi/pulumi"
specifiers = ["3.260.0"]

[tools.pulumi."platforms.linux-arm64"]
checksum = "sha256:1e7176d55274be10778b5ec7ebb0ae24be4061ad78e9ebfd0e9c1d874927617a"
url = "https://github.com/pulumi/pulumi/releases/download/v3.260.0/pulumi-v3.260.0-linux-arm64.tar.gz"
url_api = "https://api.github.com/repos/pulumi/pulumi/releases/assets/533636891"
provenance = "cosign"

[tools.pulumi."platforms.linux-arm64-musl"]
checksum = "sha256:1e7176d55274be10778b5ec7ebb0ae24be4061ad78e9ebfd0e9c1d874927617a"
url = "https://github.com/pulumi/pulumi/releases/download/v3.260.0/pulumi-v3.260.0-linux-arm64.tar.gz"
url_api = "https://api.github.com/repos/pulumi/pulumi/releases/assets/533636891"
provenance = "cosign"

[tools.pulumi."platforms.linux-x64"]
checksum = "sha256:d7b2936f986e82fd5fa2025bafe27f74d4a50cb6ba6785a16884fd5f270453fe"
url = "https://github.com/pulumi/pulumi/releases/download/v3.260.0/pulumi-v3.260.0-linux-x64.tar.gz"
url_api = "https://api.github.com/repos/pulumi/pulumi/releases/assets/533637008"
provenance = "cosign"

[tools.pulumi."platforms.linux-x64-musl"]
checksum = "sha256:d7b2936f986e82fd5fa2025bafe27f74d4a50cb6ba6785a16884fd5f270453fe"
url = "https://github.com/pulumi/pulumi/releases/download/v3.260.0/pulumi-v3.260.0-linux-x64.tar.gz"
url_api = "https://api.github.com/repos/pulumi/pulumi/releases/assets/533637008"
provenance = "cosign"

[tools.pulumi."platforms.macos-arm64"]
checksum = "sha256:33629055fa0f93b2c3f2f159155ff3638443e2a0cc36ea4f4a1faee09c3c5550"
url = "https://github.com/pulumi/pulumi/releases/download/v3.260.0/pulumi-v3.260.0-darwin-arm64.tar.gz"
url_api = "https://api.github.com/repos/pulumi/pulumi/releases/assets/533636791"
provenance = "cosign"

[tools.pulumi."platforms.macos-x64"]
checksum = "sha256:b820b402648fb524dd54349884b744f3bf1894e6aecb10a313e336dc71970aad"
url = "https://github.com/pulumi/pulumi/releases/download/v3.260.0/pulumi-v3.260.0-darwin-x64.tar.gz"
url_api = "https://api.github.com/repos/pulumi/pulumi/releases/assets/533636829"
provenance = "cosign"

[tools.pulumi."platforms.windows-x64"]
checksum = "sha256:b39a377c41a04583ea1f140c2f87ce4db4b9836979d7728714c18ff067dd5367"
url = "https://github.com/pulumi/pulumi/releases/download/v3.260.0/pulumi-v3.260.0-windows-x64.zip"
url_api = "https://api.github.com/repos/pulumi/pulumi/releases/assets/533637250"
provenance = "cosign"
