# @generated - this file is auto-generated by `mise lock` https://mise.jdx.dev/dev-tools/mise-lock.html

lockfile_version = 3

[[tools."aqua:pulumi/pulumi"]]
version = "3.267.0"
backend = "aqua:pulumi/pulumi"
specifiers = ["3.267.0"]

[tools."aqua:pulumi/pulumi"."platforms.linux-arm64"]
checksum = "sha256:e01a439cd1273819c9e836d86cc34c0bcca703a0dd06137c74053bcd49a45e6e"
url = "https://github.com/pulumi/pulumi/releases/download/v3.267.0/pulumi-v3.267.0-linux-arm64.tar.gz"
url_api = "https://api.github.com/repos/pulumi/pulumi/releases/assets/603043931"
provenance = "cosign"

[tools."aqua:pulumi/pulumi"."platforms.linux-arm64-musl"]
checksum = "sha256:e01a439cd1273819c9e836d86cc34c0bcca703a0dd06137c74053bcd49a45e6e"
url = "https://github.com/pulumi/pulumi/releases/download/v3.267.0/pulumi-v3.267.0-linux-arm64.tar.gz"
url_api = "https://api.github.com/repos/pulumi/pulumi/releases/assets/603043931"
provenance = "cosign"

[tools."aqua:pulumi/pulumi"."platforms.linux-x64"]
checksum = "sha256:527c1ce7c16cb38525a96d55422f221e819476e2b0743ae55c9862ad775ae10a"
url = "https://github.com/pulumi/pulumi/releases/download/v3.267.0/pulumi-v3.267.0-linux-x64.tar.gz"
url_api = "https://api.github.com/repos/pulumi/pulumi/releases/assets/603044166"
provenance = "cosign"

[tools."aqua:pulumi/pulumi"."platforms.linux-x64-musl"]
checksum = "sha256:527c1ce7c16cb38525a96d55422f221e819476e2b0743ae55c9862ad775ae10a"
url = "https://github.com/pulumi/pulumi/releases/download/v3.267.0/pulumi-v3.267.0-linux-x64.tar.gz"
url_api = "https://api.github.com/repos/pulumi/pulumi/releases/assets/603044166"
provenance = "cosign"

[tools."aqua:pulumi/pulumi"."platforms.macos-arm64"]
checksum = "sha256:e37c190bd9032d69e973936547a663caf0b31ee154360de92f637be39fa50c4a"
url = "https://github.com/pulumi/pulumi/releases/download/v3.267.0/pulumi-v3.267.0-darwin-arm64.tar.gz"
url_api = "https://api.github.com/repos/pulumi/pulumi/releases/assets/603043601"
provenance = "cosign"

[tools."aqua:pulumi/pulumi"."platforms.macos-x64"]
checksum = "sha256:4e5cb36cfc791d3d76651791ee0c91d15a512eb79d04013b7819a7baf9e664f8"
url = "https://github.com/pulumi/pulumi/releases/download/v3.267.0/pulumi-v3.267.0-darwin-x64.tar.gz"
url_api = "https://api.github.com/repos/pulumi/pulumi/releases/assets/603043751"
provenance = "cosign"

[tools."aqua:pulumi/pulumi"."platforms.windows-x64"]
checksum = "sha256:296f64cfc2b86471ee6274f0b15fc8e4a880f13886fe6cb2adbd6813fe75c326"
url = "https://github.com/pulumi/pulumi/releases/download/v3.267.0/pulumi-v3.267.0-windows-x64.zip"
url_api = "https://api.github.com/repos/pulumi/pulumi/releases/assets/603044687"
provenance = "cosign"

[[tools.pulumi]]
version = "3.260.0"
backend = "aqua:pulumi/pulumi"
specifiers = ["3.260.0"]

[tools.pulumi."platforms.linux-arm64"]
checksum = "sha256:1e7176d55274be10778b5ec7ebb0ae24be4061ad78e9ebfd0e9c1d874927617a"
url = "https://github.com/pulumi/pulumi/releases/download/v3.260.0/pulumi-v3.260.0-linux-arm64.tar.gz"
url_api = "https://api.github.com/repos/pulumi/pulumi/releases/assets/533636891"
provenance = "cosign"

[tools.pulumi."platforms.linux-arm64-musl"]
checksum = "sha256:1e7176d55274be10778b5ec7ebb0ae24be4061ad78e9ebfd0e9c1d874927617a"
url = "https://github.com/pulumi/pulumi/releases/download/v3.260.0/pulumi-v3.260.0-linux-arm64.tar.gz"
url_api = "https://api.github.com/repos/pulumi/pulumi/releases/assets/533636891"
provenance = "cosign"

[tools.pulumi."platforms.linux-x64"]
checksum = "sha256:d7b2936f986e82fd5fa2025bafe27f74d4a50cb6ba6785a16884fd5f270453fe"
url = "https://github.com/pulumi/pulumi/releases/download/v3.260.0/pulumi-v3.260.0-linux-x64.tar.gz"
url_api = "https://api.github.com/repos/pulumi/pulumi/releases/assets/533637008"
provenance = "cosign"

[tools.pulumi."platforms.linux-x64-musl"]
checksum = "sha256:d7b2936f986e82fd5fa2025bafe27f74d4a50cb6ba6785a16884fd5f270453fe"
url = "https://github.com/pulumi/pulumi/releases/download/v3.260.0/pulumi-v3.260.0-linux-x64.tar.gz"
url_api = "https://api.github.com/repos/pulumi/pulumi/releases/assets/533637008"
provenance = "cosign"

[tools.pulumi."platforms.macos-arm64"]
checksum = "sha256:33629055fa0f93b2c3f2f159155ff3638443e2a0cc36ea4f4a1faee09c3c5550"
url = "https://github.com/pulumi/pulumi/releases/download/v3.260.0/pulumi-v3.260.0-darwin-arm64.tar.gz"
url_api = "https://api.github.com/repos/pulumi/pulumi/releases/assets/533636791"
provenance = "cosign"

[tools.pulumi."platforms.macos-x64"]
checksum = "sha256:b820b402648fb524dd54349884b744f3bf1894e6aecb10a313e336dc71970aad"
url = "https://github.com/pulumi/pulumi/releases/download/v3.260.0/pulumi-v3.260.0-darwin-x64.tar.gz"
url_api = "https://api.github.com/repos/pulumi/pulumi/releases/assets/533636829"
provenance = "cosign"

[tools.pulumi."platforms.windows-x64"]
checksum = "sha256:b39a377c41a04583ea1f140c2f87ce4db4b9836979d7728714c18ff067dd5367"
url = "https://github.com/pulumi/pulumi/releases/download/v3.260.0/pulumi-v3.260.0-windows-x64.zip"
url_api = "https://api.github.com/repos/pulumi/pulumi/releases/assets/533637250"
provenance = "cosign"
